// !$*UTF8*$!
{
	archiveVersion = 1;
	classes = {
	};
	objectVersion = 70;
	objects = {

/* Begin PBXBuildFile section */
		8F0CE4152C7A9A0D004B5AF4 /* SettingViewController.swift in Sources */ = {isa = PBXBuildFile; fileRef = 8F0CE4142C7A9A0D004B5AF4 /* SettingViewController.swift */; };
		8F0CE4182C7AA876004B5AF4 /* HomeViewController.swift in Sources */ = {isa = PBXBuildFile; fileRef = 8F0CE4172C7AA876004B5AF4 /* HomeViewController.swift */; };
		8F1CBFDB2C7194BE0036C167 /* NavegationAppMirror.swift in Sources */ = {isa = PBXBuildFile; fileRef = 8F1CBFDA2C7194BE0036C167 /* NavegationAppMirror.swift */; };
		8F1CBFDF2C7194BF0036C167 /* SplashViewController.swift in Sources */ = {isa = PBXBuildFile; fileRef = 8F1CBFDE2C7194BF0036C167 /* SplashViewController.swift */; };
		8F1CBFE22C7194BF0036C167 /* Base in Resources */ = {isa = PBXBuildFile; fileRef = 8F1CBFE12C7194BF0036C167 /* Base */; };
		8F1CBFE42C7194C00036C167 /* Assets.xcassets in Resources */ = {isa = PBXBuildFile; fileRef = 8F1CBFE32C7194C00036C167 /* Assets.xcassets */; };
		8F1CBFE72C7194C00036C167 /* Base in Resources */ = {isa = PBXBuildFile; fileRef = 8F1CBFE62C7194C00036C167 /* Base */; };
		8F1CBFF02C7199920036C167 /* LoginViewController.swift in Sources */ = {isa = PBXBuildFile; fileRef = 8F1CBFEF2C7199920036C167 /* LoginViewController.swift */; };
		8F1CBFFA2C71B0AF0036C167 /* Login.storyboard in Resources */ = {isa = PBXBuildFile; fileRef = 8F1CBFF92C71B0AF0036C167 /* Login.storyboard */; };
		8F41E1452C783A480094F09C /* TabBar.storyboard in Resources */ = {isa = PBXBuildFile; fileRef = 8F41E1442C783A480094F09C /* TabBar.storyboard */; };
		8F41E1472C783EB50094F09C /* TabBarViewController.swift in Sources */ = {isa = PBXBuildFile; fileRef = 8F41E1462C783EB50094F09C /* TabBarViewController.swift */; };
		8F689B3D2C7EC6CA00E3A359 /* SignUpViewController.swift in Sources */ = {isa = PBXBuildFile; fileRef = 8F689B3C2C7EC6CA00E3A359 /* SignUpViewController.swift */; };
		8FE5808E2CAB9B6E00FE3C3C /* ForgotPasswordViewController.swift in Sources */ = {isa = PBXBuildFile; fileRef = 8FE5808D2CAB9B6A00FE3C3C /* ForgotPasswordViewController.swift */; };
		8FF362322C97E5A100DDBF9F /* ChangePasswordViewController.swift in Sources */ = {isa = PBXBuildFile; fileRef = 8FF362312C97E5A100DDBF9F /* ChangePasswordViewController.swift */; };
/* End PBXBuildFile section */

/* Begin PBXFileReference section */
		8F0CE4142C7A9A0D004B5AF4 /* SettingViewController.swift */ = {isa = PBXFileReference; lastKnownFileType = sourcecode.swift; path = SettingViewController.swift; sourceTree = "<group>"; };
		8F0CE4172C7AA876004B5AF4 /* HomeViewController.swift */ = {isa = PBXFileReference; lastKnownFileType = sourcecode.swift; path = HomeViewController.swift; sourceTree = "<group>"; };
		8F1CBFD72C7194BE0036C167 /* navegationAppmirror.app */ = {isa = PBXFileReference; explicitFileType = wrapper.application; includeInIndex = 0; path = navegationAppmirror.app; sourceTree = BUILT_PRODUCTS_DIR; };
		8F1CBFDA2C7194BE0036C167 /* NavegationAppMirror.swift */ = {isa = PBXFileReference; lastKnownFileType = sourcecode.swift; path = NavegationAppMirror.swift; sourceTree = "<group>"; };
		8F1CBFDE2C7194BF0036C167 /* SplashViewController.swift */ = {isa = PBXFileReference; lastKnownFileType = sourcecode.swift; path = SplashViewController.swift; sourceTree = "<group>"; };
		8F1CBFE12C7194BF0036C167 /* Base */ = {isa = PBXFileReference; lastKnownFileType = file.storyboard; name = Base; path = Base.lproj/Splash.storyboard; sourceTree = "<group>"; };
		8F1CBFE32C7194C00036C167 /* Assets.xcassets */ = {isa = PBXFileReference; lastKnownFileType = folder.assetcatalog; path = Assets.xcassets; sourceTree = "<group>"; };
		8F1CBFE62C7194C00036C167 /* Base */ = {isa = PBXFileReference; lastKnownFileType = file.storyboard; name = Base; path = Base.lproj/LaunchScreen.storyboard; sourceTree = "<group>"; };
		8F1CBFE82C7194C00036C167 /* Info.plist */ = {isa = PBXFileReference; lastKnownFileType = text.plist.xml; path = Info.plist; sourceTree = "<group>"; };
		8F1CBFEF2C7199920036C167 /* LoginViewController.swift */ = {isa = PBXFileReference; lastKnownFileType = sourcecode.swift; path = LoginViewController.swift; sourceTree = "<group>"; };
		8F1CBFF92C71B0AF0036C167 /* Login.storyboard */ = {isa = PBXFileReference; fileEncoding = 4; lastKnownFileType = file.storyboard; path = Login.storyboard; sourceTree = "<group>"; };
		8F41E1442C783A480094F09C /* TabBar.storyboard */ = {isa = PBXFileReference; lastKnownFileType = file.storyboard; path = TabBar.storyboard; sourceTree = "<group>"; };
		8F41E1462C783EB50094F09C /* TabBarViewController.swift */ = {isa = PBXFileReference; lastKnownFileType = sourcecode.swift; path = TabBarViewController.swift; sourceTree = "<group>"; };
		8F689B3C2C7EC6CA00E3A359 /* SignUpViewController.swift */ = {isa = PBXFileReference; lastKnownFileType = sourcecode.swift; path = SignUpViewController.swift; sourceTree = "<group>"; };
		8FE5808D2CAB9B6A00FE3C3C /* ForgotPasswordViewController.swift */ = {isa = PBXFileReference; lastKnownFileType = sourcecode.swift; path = ForgotPasswordViewController.swift; sourceTree = "<group>"; };
		8FF362312C97E5A100DDBF9F /* ChangePasswordViewController.swift */ = {isa = PBXFileReference; lastKnownFileType = sourcecode.swift; path = ChangePasswordViewController.swift; sourceTree = "<group>"; };
/* End PBXFileReference section */

/* Begin PBXFileSystemSynchronizedRootGroup section */
		8FB28F892CAF77F900EB0A36 /* ApiNetwork */ = {isa = PBXFileSystemSynchronizedRootGroup; explicitFileTypes = {}; explicitFolders = (); path = ApiNetwork; sourceTree = "<group>"; };
/* End PBXFileSystemSynchronizedRootGroup section */

/* Begin PBXFrameworksBuildPhase section */
		8F1CBFD42C7194BE0036C167 /* Frameworks */ = {
			isa = PBXFrameworksBuildPhase;
			buildActionMask = 2147483647;
			files = (
			);
			runOnlyForDeploymentPostprocessing = 0;
		};
/* End PBXFrameworksBuildPhase section */

/* Begin PBXGroup section */
		8F0CE4132C7A99DA004B5AF4 /* Setting */ = {
			isa = PBXGroup;
			children = (
				8F0CE4142C7A9A0D004B5AF4 /* SettingViewController.swift */,
				8FF362312C97E5A100DDBF9F /* ChangePasswordViewController.swift */,
			);
			path = Setting;
			sourceTree = "<group>";
		};
		8F0CE4162C7AA832004B5AF4 /* Home */ = {
			isa = PBXGroup;
			children = (
				8F0CE4172C7AA876004B5AF4 /* HomeViewController.swift */,
			);
			path = Home;
			sourceTree = "<group>";
		};
		8F1CBFCE2C7194BE0036C167 = {
			isa = PBXGroup;
			children = (
				8F1CBFD92C7194BE0036C167 /* navegationAppmirror */,
				8F1CBFD82C7194BE0036C167 /* Products */,
			);
			sourceTree = "<group>";
		};
		8F1CBFD82C7194BE0036C167 /* Products */ = {
			isa = PBXGroup;
			children = (
				8F1CBFD72C7194BE0036C167 /* navegationAppmirror.app */,
			);
			name = Products;
			sourceTree = "<group>";
		};
		8F1CBFD92C7194BE0036C167 /* navegationAppmirror */ = {
			isa = PBXGroup;
			children = (
				8F1CBFDA2C7194BE0036C167 /* NavegationAppMirror.swift */,
				8F1CBFEE2C71985A0036C167 /* Feature */,
				8F1CBFF12C7199AA0036C167 /* Common */,
				8F1CBFF22C7199B70036C167 /* Resource */,
				8F1CBFE52C7194C00036C167 /* LaunchScreen.storyboard */,
				8F1CBFE82C7194C00036C167 /* Info.plist */,
			);
			path = navegationAppmirror;
			sourceTree = "<group>";
		};
		8F1CBFEE2C71985A0036C167 /* Feature */ = {
			isa = PBXGroup;
			children = (
				8F689B392C7EC5AF00E3A359 /* SignUp */,
				8F41E1432C7839140094F09C /* TabBar */,
				8F1CBFF82C71B0740036C167 /* Login */,
				8F1CBFF72C71B05E0036C167 /* Splash */,
			);
			path = Feature;
			sourceTree = "<group>";
		};
		8F1CBFF12C7199AA0036C167 /* Common */ = {
			isa = PBXGroup;
			children = (
				8FB28F892CAF77F900EB0A36 /* ApiNetwork */,
			);
			path = Common;
			sourceTree = "<group>";
		};
		8F1CBFF22C7199B70036C167 /* Resource */ = {
			isa = PBXGroup;
			children = (
				8F1CBFE32C7194C00036C167 /* Assets.xcassets */,
			);
			path = Resource;
			sourceTree = "<group>";
		};
		8F1CBFF72C71B05E0036C167 /* Splash */ = {
			isa = PBXGroup;
			children = (
				8F1CBFDE2C7194BF0036C167 /* SplashViewController.swift */,
				8F1CBFE02C7194BF0036C167 /* Splash.storyboard */,
			);
			path = Splash;
			sourceTree = "<group>";
		};
		8F1CBFF82C71B0740036C167 /* Login */ = {
			isa = PBXGroup;
			children = (
				8F1CBFEF2C7199920036C167 /* LoginViewController.swift */,
				8FE5808D2CAB9B6A00FE3C3C /* ForgotPasswordViewController.swift */,
				8F1CBFF92C71B0AF0036C167 /* Login.storyboard */,
			);
			path = Login;
			sourceTree = "<group>";
		};
		8F41E1432C7839140094F09C /* TabBar */ = {
			isa = PBXGroup;
			children = (
				8F41E1442C783A480094F09C /* TabBar.storyboard */,
				8F41E1462C783EB50094F09C /* TabBarViewController.swift */,
				8F0CE4162C7AA832004B5AF4 /* Home */,
				8F0CE4132C7A99DA004B5AF4 /* Setting */,
			);
			path = TabBar;
			sourceTree = "<group>";
		};
		8F689B392C7EC5AF00E3A359 /* SignUp */ = {
			isa = PBXGroup;
			children = (
				8F689B3C2C7EC6CA00E3A359 /* SignUpViewController.swift */,
			);
			path = SignUp;
			sourceTree = "<group>";
		};
/* End PBXGroup section */

/* Begin PBXNativeTarget section */
		8F1CBFD62C7194BE0036C167 /* navegationAppmirror */ = {
			isa = PBXNativeTarget;
			buildConfigurationList = 8F1CBFEB2C7194C00036C167 /* Build configuration list for PBXNativeTarget "navegationAppmirror" */;
			buildPhases = (
				8F1CBFD32C7194BE0036C167 /* Sources */,
				8F1CBFD42C7194BE0036C167 /* Frameworks */,
				8F1CBFD52C7194BE0036C167 /* Resources */,
			);
			buildRules = (
			);
			dependencies = (
			);
			fileSystemSynchronizedGroups = (
				8FB28F892CAF77F900EB0A36 /* ApiNetwork */,
			);
			name = navegationAppmirror;
			productName = navegationAppmirror;
			productReference = 8F1CBFD72C7194BE0036C167 /* navegationAppmirror.app */;
			productType = "com.apple.product-type.application";
		};
/* End PBXNativeTarget section */

/* Begin PBXProject section */
		8F1CBFCF2C7194BE0036C167 /* Project object */ = {
			isa = PBXProject;
			attributes = {
				BuildIndependentTargetsInParallel = 1;
				LastSwiftUpdateCheck = 1540;
				LastUpgradeCheck = 1540;
				TargetAttributes = {
					8F1CBFD62C7194BE0036C167 = {
						CreatedOnToolsVersion = 15.4;
					};
				};
			};
			buildConfigurationList = 8F1CBFD22C7194BE0036C167 /* Build configuration list for PBXProject "navegationAppmirror" */;
			compatibilityVersion = "Xcode 14.0";
			developmentRegion = en;
			hasScannedForEncodings = 0;
			knownRegions = (
				en,
				Base,
			);
			mainGroup = 8F1CBFCE2C7194BE0036C167;
			productRefGroup = 8F1CBFD82C7194BE0036C167 /* Products */;
			projectDirPath = "";
			projectRoot = "";
			targets = (
				8F1CBFD62C7194BE0036C167 /* navegationAppmirror */,
			);
		};
/* End PBXProject section */

/* Begin PBXResourcesBuildPhase section */
		8F1CBFD52C7194BE0036C167 /* Resources */ = {
			isa = PBXResourcesBuildPhase;
			buildActionMask = 2147483647;
			files = (
				8F1CBFE42C7194C00036C167 /* Assets.xcassets in Resources */,
				8F1CBFE72C7194C00036C167 /* Base in Resources */,
				8F1CBFE22C7194BF0036C167 /* Base in Resources */,
				8F1CBFFA2C71B0AF0036C167 /* Login.storyboard in Resources */,
				8F41E1452C783A480094F09C /* TabBar.storyboard in Resources */,
			);
			runOnlyForDeploymentPostprocessing = 0;
		};
/* End PBXResourcesBuildPhase section */

/* Begin PBXSourcesBuildPhase section */
		8F1CBFD32C7194BE0036C167 /* Sources */ = {
			isa = PBXSourcesBuildPhase;
			buildActionMask = 2147483647;
			files = (
				8F689B3D2C7EC6CA00E3A359 /* SignUpViewController.swift in Sources */,
				8F0CE4152C7A9A0D004B5AF4 /* SettingViewController.swift in Sources */,
				8F41E1472C783EB50094F09C /* TabBarViewController.swift in Sources */,
				8FE5808E2CAB9B6E00FE3C3C /* ForgotPasswordViewController.swift in Sources */,
				8FF362322C97E5A100DDBF9F /* ChangePasswordViewController.swift in Sources */,
				8F1CBFF02C7199920036C167 /* LoginViewController.swift in Sources */,
				8F1CBFDF2C7194BF0036C167 /* SplashViewController.swift in Sources */,
				8F1CBFDB2C7194BE0036C167 /* NavegationAppMirror.swift in Sources */,
				8F0CE4182C7AA876004B5AF4 /* HomeViewController.swift in Sources */,
			);
			runOnlyForDeploymentPostprocessing = 0;
		};
/* End PBXSourcesBuildPhase section */

/* Begin PBXVariantGroup section */
		8F1CBFE02C7194BF0036C167 /* Splash.storyboard */ = {
			isa = PBXVariantGroup;
			children = (
				8F1CBFE12C7194BF0036C167 /* Base */,
			);
			name = Splash.storyboard;
			sourceTree = "<group>";
		};
		8F1CBFE52C7194C00036C167 /* LaunchScreen.storyboard */ = {
			isa = PBXVariantGroup;
			children = (
				8F1CBFE62C7194C00036C167 /* Base */,
			);
			name = LaunchScreen.storyboard;
			sourceTree = "<group>";
		};
/* End PBXVariantGroup section */

/* Begin XCBuildConfiguration section */
		8F1CBFE92C7194C00036C167 /* Debug */ = {
			isa = XCBuildConfiguration;
			buildSettings = {
				ALWAYS_SEARCH_USER_PATHS = NO;
				ASSETCATALOG_COMPILER_GENERATE_SWIFT_ASSET_SYMBOL_EXTENSIONS = YES;
				CLANG_ANALYZER_NONNULL = YES;
				CLANG_ANALYZER_NUMBER_OBJECT_CONVERSION = YES_AGGRESSIVE;
				CLANG_CXX_LANGUAGE_STANDARD = "gnu++20";
				CLANG_ENABLE_MODULES = YES;
				CLANG_ENABLE_OBJC_ARC = YES;
				CLANG_ENABLE_OBJC_WEAK = YES;
				CLANG_WARN_BLOCK_CAPTURE_AUTORELEASING = YES;
				CLANG_WARN_BOOL_CONVERSION = YES;
				CLANG_WARN_COMMA = YES;
				CLANG_WARN_CONSTANT_CONVERSION = YES;
				CLANG_WARN_DEPRECATED_OBJC_IMPLEMENTATIONS = YES;
				CLANG_WARN_DIRECT_OBJC_ISA_USAGE = YES_ERROR;
				CLANG_WARN_DOCUMENTATION_COMMENTS = YES;
				CLANG_WARN_EMPTY_BODY = YES;
				CLANG_WARN_ENUM_CONVERSION = YES;
				CLANG_WARN_INFINITE_RECURSION = YES;
				CLANG_WARN_INT_CONVERSION = YES;
				CLANG_WARN_NON_LITERAL_NULL_CONVERSION = YES;
				CLANG_WARN_OBJC_IMPLICIT_RETAIN_SELF = YES;
				CLANG_WARN_OBJC_LITERAL_CONVERSION = YES;
				CLANG_WARN_OBJC_ROOT_CLASS = YES_ERROR;
				CLANG_WARN_QUOTED_INCLUDE_IN_FRAMEWORK_HEADER = YES;
				CLANG_WARN_RANGE_LOOP_ANALYSIS = YES;
				CLANG_WARN_STRICT_PROTOTYPES = YES;
				CLANG_WARN_SUSPICIOUS_MOVE = YES;
				CLANG_WARN_UNGUARDED_AVAILABILITY = YES_AGGRESSIVE;
				CLANG_WARN_UNREACHABLE_CODE = YES;
				CLANG_WARN__DUPLICATE_METHOD_MATCH = YES;
				COPY_PHASE_STRIP = NO;
				DEBUG_INFORMATION_FORMAT = dwarf;
				ENABLE_STRICT_OBJC_MSGSEND = YES;
				ENABLE_TESTABILITY = YES;
				ENABLE_USER_SCRIPT_SANDBOXING = YES;
				GCC_C_LANGUAGE_STANDARD = gnu17;
				GCC_DYNAMIC_NO_PIC = NO;
				GCC_NO_COMMON_BLOCKS = YES;
				GCC_OPTIMIZATION_LEVEL = 0;
				GCC_PREPROCESSOR_DEFINITIONS = (
					"DEBUG=1",
					"$(inherited)",
				);
				GCC_WARN_64_TO_32_BIT_CONVERSION = YES;
				GCC_WARN_ABOUT_RETURN_TYPE = YES_ERROR;
				GCC_WARN_UNDECLARED_SELECTOR = YES;
				GCC_WARN_UNINITIALIZED_AUTOS = YES_AGGRESSIVE;
				GCC_WARN_UNUSED_FUNCTION = YES;
				GCC_WARN_UNUSED_VARIABLE = YES;
				IPHONEOS_DEPLOYMENT_TARGET = 17.5;
				LOCALIZATION_PREFERS_STRING_CATALOGS = YES;
				MTL_ENABLE_DEBUG_INFO = INCLUDE_SOURCE;
				MTL_FAST_MATH = YES;
				ONLY_ACTIVE_ARCH = YES;
				SDKROOT = iphoneos;
				SWIFT_ACTIVE_COMPILATION_CONDITIONS = "DEBUG $(inherited)";
				SWIFT_OPTIMIZATION_LEVEL = "-Onone";
			};
			name = Debug;
		};
		8F1CBFEA2C7194C00036C167 /* Release */ = {
			isa = XCBuildConfiguration;
			buildSettings = {
				ALWAYS_SEARCH_USER_PATHS = NO;
				ASSETCATALOG_COMPILER_GENERATE_SWIFT_ASSET_SYMBOL_EXTENSIONS = YES;
				CLANG_ANALYZER_NONNULL = YES;
				CLANG_ANALYZER_NUMBER_OBJECT_CONVERSION = YES_AGGRESSIVE;
				CLANG_CXX_LANGUAGE_STANDARD = "gnu++20";
				CLANG_ENABLE_MODULES = YES;
				CLANG_ENABLE_OBJC_ARC = YES;
				CLANG_ENABLE_OBJC_WEAK = YES;
				CLANG_WARN_BLOCK_CAPTURE_AUTORELEASING = YES;
				CLANG_WARN_BOOL_CONVERSION = YES;
				CLANG_WARN_COMMA = YES;
				CLANG_WARN_CONSTANT_CONVERSION = YES;
				CLANG_WARN_DEPRECATED_OBJC_IMPLEMENTATIONS = YES;
				CLANG_WARN_DIRECT_OBJC_ISA_USAGE = YES_ERROR;
				CLANG_WARN_DOCUMENTATION_COMMENTS = YES;
				CLANG_WARN_EMPTY_BODY = YES;
				CLANG_WARN_ENUM_CONVERSION = YES;
				CLANG_WARN_INFINITE_RECURSION = YES;
				CLANG_WARN_INT_CONVERSION = YES;
				CLANG_WARN_NON_LITERAL_NULL_CONVERSION = YES;
				CLANG_WARN_OBJC_IMPLICIT_RETAIN_SELF = YES;
				CLANG_WARN_OBJC_LITERAL_CONVERSION = YES;
				CLANG_WARN_OBJC_ROOT_CLASS = YES_ERROR;
				CLANG_WARN_QUOTED_INCLUDE_IN_FRAMEWORK_HEADER = YES;
				CLANG_WARN_RANGE_LOOP_ANALYSIS = YES;
				CLANG_WARN_STRICT_PROTOTYPES = YES;
				CLANG_WARN_SUSPICIOUS_MOVE = YES;
				CLANG_WARN_UNGUARDED_AVAILABILITY = YES_AGGRESSIVE;
				CLANG_WARN_UNREACHABLE_CODE = YES;
				CLANG_WARN__DUPLICATE_METHOD_MATCH = YES;
				COPY_PHASE_STRIP = NO;
				DEBUG_INFORMATION_FORMAT = "dwarf-with-dsym";
				ENABLE_NS_ASSERTIONS = NO;
				ENABLE_STRICT_OBJC_MSGSEND = YES;
				ENABLE_USER_SCRIPT_SANDBOXING = YES;
				GCC_C_LANGUAGE_STANDARD = gnu17;
				GCC_NO_COMMON_BLOCKS = YES;
				GCC_WARN_64_TO_32_BIT_CONVERSION = YES;
				GCC_WARN_ABOUT_RETURN_TYPE = YES_ERROR;
				GCC_WARN_UNDECLARED_SELECTOR = YES;
				GCC_WARN_UNINITIALIZED_AUTOS = YES_AGGRESSIVE;
				GCC_WARN_UNUSED_FUNCTION = YES;
				GCC_WARN_UNUSED_VARIABLE = YES;
				IPHONEOS_DEPLOYMENT_TARGET = 17.5;
				LOCALIZATION_PREFERS_STRING_CATALOGS = YES;
				MTL_ENABLE_DEBUG_INFO = NO;
				MTL_FAST_MATH = YES;
				SDKROOT = iphoneos;
				SWIFT_COMPILATION_MODE = wholemodule;
				VALIDATE_PRODUCT = YES;
			};
			name = Release;
		};
		8F1CBFEC2C7194C00036C167 /* Debug */ = {
			isa = XCBuildConfiguration;
			buildSettings = {
				ASSETCATALOG_COMPILER_APPICON_NAME = AppIcon;
				ASSETCATALOG_COMPILER_GLOBAL_ACCENT_COLOR_NAME = AccentColor;
				CODE_SIGN_STYLE = Automatic;
				CURRENT_PROJECT_VERSION = 1;
				GENERATE_INFOPLIST_FILE = YES;
				INFOPLIST_FILE = navegationAppmirror/Info.plist;
				INFOPLIST_KEY_UIApplicationSupportsIndirectInputEvents = YES;
				INFOPLIST_KEY_UILaunchStoryboardName = LaunchScreen;
				INFOPLIST_KEY_UIMainStoryboardFile = Splash;
				INFOPLIST_KEY_UISupportedInterfaceOrientations_iPad = "UIInterfaceOrientationPortrait UIInterfaceOrientationPortraitUpsideDown UIInterfaceOrientationLandscapeLeft UIInterfaceOrientationLandscapeRight";
				INFOPLIST_KEY_UISupportedInterfaceOrientations_iPhone = "UIInterfaceOrientationPortrait UIInterfaceOrientationLandscapeLeft UIInterfaceOrientationLandscapeRight";
				LD_RUNPATH_SEARCH_PATHS = (
					"$(inherited)",
					"@executable_path/Frameworks",
				);
				MARKETING_VERSION = 1.0;
				PRODUCT_BUNDLE_IDENTIFIER = licita.navegationAppmirror;
				PRODUCT_NAME = "$(TARGET_NAME)";
				SWIFT_EMIT_LOC_STRINGS = YES;
				SWIFT_VERSION = 5.0;
				TARGETED_DEVICE_FAMILY = "1,2";
			};
			name = Debug;
		};
		8F1CBFED2C7194C00036C167 /* Release */ = {
			isa = XCBuildConfiguration;
			buildSettings = {
				ASSETCATALOG_COMPILER_APPICON_NAME = AppIcon;
				ASSETCATALOG_COMPILER_GLOBAL_ACCENT_COLOR_NAME = AccentColor;
				CODE_SIGN_STYLE = Automatic;
				CURRENT_PROJECT_VERSION = 1;
				GENERATE_INFOPLIST_FILE = YES;
				INFOPLIST_FILE = navegationAppmirror/Info.plist;
				INFOPLIST_KEY_UIApplicationSupportsIndirectInputEvents = YES;
				INFOPLIST_KEY_UILaunchStoryboardName = LaunchScreen;
				INFOPLIST_KEY_UIMainStoryboardFile = Splash;
				INFOPLIST_KEY_UISupportedInterfaceOrientations_iPad = "UIInterfaceOrientationPortrait UIInterfaceOrientationPortraitUpsideDown UIInterfaceOrientationLandscapeLeft UIInterfaceOrientationLandscapeRight";
				INFOPLIST_KEY_UISupportedInterfaceOrientations_iPhone = "UIInterfaceOrientationPortrait UIInterfaceOrientationLandscapeLeft UIInterfaceOrientationLandscapeRight";
				LD_RUNPATH_SEARCH_PATHS = (
					"$(inherited)",
					"@executable_path/Frameworks",
				);
				MARKETING_VERSION = 1.0;
				PRODUCT_BUNDLE_IDENTIFIER = licita.navegationAppmirror;
				PRODUCT_NAME = "$(TARGET_NAME)";
				SWIFT_EMIT_LOC_STRINGS = YES;
				SWIFT_VERSION = 5.0;
				TARGETED_DEVICE_FAMILY = "1,2";
			};
			name = Release;
		};
/* End XCBuildConfiguration section */

/* Begin XCConfigurationList section */
		8F1CBFD22C7194BE0036C167 /* Build configuration list for PBXProject "navegationAppmirror" */ = {
			isa = XCConfigurationList;
			buildConfigurations = (
				8F1CBFE92C7194C00036C167 /* Debug */,
				8F1CBFEA2C7194C00036C167 /* Release */,
			);
			defaultConfigurationIsVisible = 0;
			defaultConfigurationName = Release;
		};
		8F1CBFEB2C7194C00036C167 /* Build configuration list for PBXNativeTarget "navegationAppmirror" */ = {
			isa = XCConfigurationList;
			buildConfigurations = (
				8F1CBFEC2C7194C00036C167 /* Debug */,
				8F1CBFED2C7194C00036C167 /* Release */,
			);
			defaultConfigurationIsVisible = 0;
			defaultConfigurationName = Release;
		};
/* End XCConfigurationList section */
	};
	rootObject = 8F1CBFCF2C7194BE0036C167 /* Project object */;
}
